
Microsoft Visual Studio Solution File, Format Version 12.00
# Visual Studio Version 17
VisualStudioVersion = 17.5.33627.172
MinimumVisualStudioVersion = 10.0.40219.1
Project("{FAE04EC0-301F-11D3-BF4B-00C04F79EFBC}") = "BackupWorkingDir", "BackupWorkingDir\BackupWorkingDir.csproj", "{09822381-3841-4E0C-BD27-FA1103FBAC95}"
EndProject
Global
	GlobalSection(SolutionConfigurationPlatforms) = preSolution
		Debug|Any CPU = Debug|Any CPU
		Release|Any CPU = Release|Any CPU
	EndGlobalSection
	GlobalSection(ProjectConfigurationPlatforms) = postSolution
		{09822381-3841-4E0C-BD27-FA1103FBAC95}.Debug|Any CPU.ActiveCfg = Debug|Any CPU
		{09822381-3841-4E0C-BD27-FA1103FBAC95}.Debug|Any CPU.Build.0 = Debug|Any CPU
		{09822381-3841-4E0C-BD27-FA1103FBAC95}.Release|Any CPU.ActiveCfg = Release|Any CPU
		{09822381-3841-4E0C-BD27-FA1103FBAC95}.Release|Any CPU.Build.0 = Release|Any CPU
	EndGlobalSection
	GlobalSection(SolutionProperties) = preSolution
		HideSolutionNode = FALSE
	EndGlobalSection
	GlobalSection(ExtensibilityGlobals) = postSolution
		SolutionGuid = {32E95584-6C26-4D9F-9DC1-69A37808EC44}
	EndGlobalSection
EndGlobal
